
Microsoft Visual Studio Solution File, Format Version 12.00
# Visual Studio 15
VisualStudioVersion = 15.0.28010.2046
MinimumVisualStudioVersion = 10.0.40219.1
Project("{888888A0-9F3D-457C-B088-3A5042F75D52}") = "Excel assisstant test 1", "Excel assisstant test 1\Excel assisstant test 1.pyproj", "{5DFE6446-C23E-4BB5-9A18-D6268DC34D4F}"
EndProject
Global
	GlobalSection(SolutionConfigurationPlatforms) = preSolution
		Debug|Any CPU = Debug|Any CPU
		Release|Any CPU = Release|Any CPU
	EndGlobalSection
	GlobalSection(ProjectConfigurationPlatforms) = postSolution
		{5DFE6446-C23E-4BB5-9A18-D6268DC34D4F}.Debug|Any CPU.ActiveCfg = Debug|Any CPU
		{5DFE6446-C23E-4BB5-9A18-D6268DC34D4F}.Release|Any CPU.ActiveCfg = Release|Any CPU
	EndGlobalSection
	GlobalSection(SolutionProperties) = preSolution
		HideSolutionNode = FALSE
	EndGlobalSection
	GlobalSection(ExtensibilityGlobals) = postSolution
		SolutionGuid = {6D645E90-8DCA-4A86-8624-21B99CB90424}
	EndGlobalSection
EndGlobal
